# This file is automatically @generated by Cargo.
# It is not intended for manual editing.
version = 4

[[package]]
name = "amdgpu-device-libs-build"
version = "0.1.0"
dependencies = [
 "rustflags",
]

[[package]]
name = "rustflags"
version = "0.1.6"
source = "registry+https://github.com/rust-lang/crates.io-index"
checksum = "d7fc92159fb50a431c5da366f7627751fe7263cf867f8a30f27fa6063ba02ac0"
