# This file is automatically @generated by Cargo.
# It is not intended for manual editing.
version = 4

[[package]]
name = "amdgpu-device-libs"
version = "0.2.0"

[[package]]
name = "amdgpu-device-libs-build"
version = "0.2.0"
dependencies = [
 "rustflags",
]

[[package]]
name = "hostcall-gpu"
version = "0.1.0"
dependencies = [
 "amdgpu-device-libs",
 "amdgpu-device-libs-build",
]

[[package]]
name = "rustflags"
version = "0.1.7"
source = "registry+https://github.com/rust-lang/crates.io-index"
checksum = "a39e0e9135d7a7208ee80aa4e3e4b88f0f5ad7be92153ed70686c38a03db2e63"
